
Microsoft Visual Studio Solution File, Format Version 12.00
# Visual Studio Version 16
VisualStudioVersion = 16.0.32106.194
MinimumVisualStudioVersion = 10.0.40219.1
Project("{FAE04EC0-301F-11D3-BF4B-00C04F79EFBC}") = "Övning 4.3", "Övning 4.3.csproj", "{27624EA3-D988-425A-9DF3-0504A993F3C6}"
EndProject
Global
	GlobalSection(SolutionConfigurationPlatforms) = preSolution
		Debug|Any CPU = Debug|Any CPU
		Release|Any CPU = Release|Any CPU
	EndGlobalSection
	GlobalSection(ProjectConfigurationPlatforms) = postSolution
		{27624EA3-D988-425A-9DF3-0504A993F3C6}.Debug|Any CPU.ActiveCfg = Debug|Any CPU
		{27624EA3-D988-425A-9DF3-0504A993F3C6}.Debug|Any CPU.Build.0 = Debug|Any CPU
		{27624EA3-D988-425A-9DF3-0504A993F3C6}.Release|Any CPU.ActiveCfg = Release|Any CPU
		{27624EA3-D988-425A-9DF3-0504A993F3C6}.Release|Any CPU.Build.0 = Release|Any CPU
	EndGlobalSection
	GlobalSection(SolutionProperties) = preSolution
		HideSolutionNode = FALSE
	EndGlobalSection
	GlobalSection(ExtensibilityGlobals) = postSolution
		SolutionGuid = {02136BDB-AFB6-48D0-8897-AF108E216A60}
	EndGlobalSection
EndGlobal
